
Microsoft Visual Studio Solution File, Format Version 12.00
# Visual Studio Version 16
VisualStudioVersion = 16.0.33328.57
MinimumVisualStudioVersion = 10.0.40219.1
Project("{FAE04EC0-301F-11D3-BF4B-00C04F79EFBC}") = "DatosEmpleadosGUI", "DatosEmpleadosGUI\DatosEmpleadosGUI.csproj", "{F1FC63F7-356E-444B-AB65-5888EAA532F7}"
EndProject
Global
	GlobalSection(SolutionConfigurationPlatforms) = preSolution
		Debug|Any CPU = Debug|Any CPU
		Release|Any CPU = Release|Any CPU
	EndGlobalSection
	GlobalSection(ProjectConfigurationPlatforms) = postSolution
		{F1FC63F7-356E-444B-AB65-5888EAA532F7}.Debug|Any CPU.ActiveCfg = Debug|Any CPU
		{F1FC63F7-356E-444B-AB65-5888EAA532F7}.Debug|Any CPU.Build.0 = Debug|Any CPU
		{F1FC63F7-356E-444B-AB65-5888EAA532F7}.Release|Any CPU.ActiveCfg = Release|Any CPU
		{F1FC63F7-356E-444B-AB65-5888EAA532F7}.Release|Any CPU.Build.0 = Release|Any CPU
	EndGlobalSection
	GlobalSection(SolutionProperties) = preSolution
		HideSolutionNode = FALSE
	EndGlobalSection
	GlobalSection(ExtensibilityGlobals) = postSolution
		SolutionGuid = {AB184082-0186-46B6-B927-03754EC424F5}
	EndGlobalSection
EndGlobal
