
Microsoft Visual Studio Solution File, Format Version 12.00
# Visual Studio 15
VisualStudioVersion = 15.0.28307.1800
MinimumVisualStudioVersion = 10.0.40219.1
Project("{FAE04EC0-301F-11D3-BF4B-00C04F79EFBC}") = "Alumnos-CarrerasGUI", "Alumnos-CarrerasGUI\Alumnos-CarrerasGUI.csproj", "{86E79450-3207-4B89-8B47-664064B7AA44}"
EndProject
Global
	GlobalSection(SolutionConfigurationPlatforms) = preSolution
		Debug|Any CPU = Debug|Any CPU
		Release|Any CPU = Release|Any CPU
	EndGlobalSection
	GlobalSection(ProjectConfigurationPlatforms) = postSolution
		{86E79450-3207-4B89-8B47-664064B7AA44}.Debug|Any CPU.ActiveCfg = Debug|Any CPU
		{86E79450-3207-4B89-8B47-664064B7AA44}.Debug|Any CPU.Build.0 = Debug|Any CPU
		{86E79450-3207-4B89-8B47-664064B7AA44}.Release|Any CPU.ActiveCfg = Release|Any CPU
		{86E79450-3207-4B89-8B47-664064B7AA44}.Release|Any CPU.Build.0 = Release|Any CPU
	EndGlobalSection
	GlobalSection(SolutionProperties) = preSolution
		HideSolutionNode = FALSE
	EndGlobalSection
	GlobalSection(ExtensibilityGlobals) = postSolution
		SolutionGuid = {9E78B059-6DEE-4659-9BF4-72BD0A570F51}
	EndGlobalSection
EndGlobal
