
Microsoft Visual Studio Solution File, Format Version 12.00
# Visual Studio Version 16
VisualStudioVersion = 16.0.33328.57
MinimumVisualStudioVersion = 10.0.40219.1
Project("{FAE04EC0-301F-11D3-BF4B-00C04F79EFBC}") = "Arreglos", "Arreglos\Arreglos.csproj", "{E6210097-9C9F-4119-878A-4CA5C3375889}"
EndProject
Project("{FAE04EC0-301F-11D3-BF4B-00C04F79EFBC}") = "ArregloSimple", "..\ClaseArregloSimple\ArregloSimple\ArregloSimple.csproj", "{331C5CB5-EC30-4E24-B392-F7DEACA85CBE}"
EndProject
Global
	GlobalSection(SolutionConfigurationPlatforms) = preSolution
		Debug|Any CPU = Debug|Any CPU
		Release|Any CPU = Release|Any CPU
	EndGlobalSection
	GlobalSection(ProjectConfigurationPlatforms) = postSolution
		{E6210097-9C9F-4119-878A-4CA5C3375889}.Debug|Any CPU.ActiveCfg = Debug|Any CPU
		{E6210097-9C9F-4119-878A-4CA5C3375889}.Debug|Any CPU.Build.0 = Debug|Any CPU
		{E6210097-9C9F-4119-878A-4CA5C3375889}.Release|Any CPU.ActiveCfg = Release|Any CPU
		{E6210097-9C9F-4119-878A-4CA5C3375889}.Release|Any CPU.Build.0 = Release|Any CPU
		{331C5CB5-EC30-4E24-B392-F7DEACA85CBE}.Debug|Any CPU.ActiveCfg = Debug|Any CPU
		{331C5CB5-EC30-4E24-B392-F7DEACA85CBE}.Debug|Any CPU.Build.0 = Debug|Any CPU
		{331C5CB5-EC30-4E24-B392-F7DEACA85CBE}.Release|Any CPU.ActiveCfg = Release|Any CPU
		{331C5CB5-EC30-4E24-B392-F7DEACA85CBE}.Release|Any CPU.Build.0 = Release|Any CPU
	EndGlobalSection
	GlobalSection(SolutionProperties) = preSolution
		HideSolutionNode = FALSE
	EndGlobalSection
	GlobalSection(ExtensibilityGlobals) = postSolution
		SolutionGuid = {CD2095BE-1CC8-41FD-B8F5-48D48B630123}
	EndGlobalSection
EndGlobal
