
Microsoft Visual Studio Solution File, Format Version 12.00
# Visual Studio Version 16
VisualStudioVersion = 16.0.33328.57
MinimumVisualStudioVersion = 10.0.40219.1
Project("{FAE04EC0-301F-11D3-BF4B-00C04F79EFBC}") = "ConsolaNomina", "ConsolaNomina\ConsolaNomina.csproj", "{6B199812-BC63-44F3-AD7C-EC5702B3C495}"
EndProject
Global
	GlobalSection(SolutionConfigurationPlatforms) = preSolution
		Debug|Any CPU = Debug|Any CPU
		Release|Any CPU = Release|Any CPU
	EndGlobalSection
	GlobalSection(ProjectConfigurationPlatforms) = postSolution
		{6B199812-BC63-44F3-AD7C-EC5702B3C495}.Debug|Any CPU.ActiveCfg = Debug|Any CPU
		{6B199812-BC63-44F3-AD7C-EC5702B3C495}.Debug|Any CPU.Build.0 = Debug|Any CPU
		{6B199812-BC63-44F3-AD7C-EC5702B3C495}.Release|Any CPU.ActiveCfg = Release|Any CPU
		{6B199812-BC63-44F3-AD7C-EC5702B3C495}.Release|Any CPU.Build.0 = Release|Any CPU
	EndGlobalSection
	GlobalSection(SolutionProperties) = preSolution
		HideSolutionNode = FALSE
	EndGlobalSection
	GlobalSection(ExtensibilityGlobals) = postSolution
		SolutionGuid = {3836A7E8-DD15-4036-8BE0-53D69ADDF538}
	EndGlobalSection
EndGlobal
